
Microsoft Visual Studio Solution File, Format Version 12.00
# Visual Studio Version 16
VisualStudioVersion = 16.0.30002.166
MinimumVisualStudioVersion = 10.0.40219.1
Project("{9A19103F-16F7-4668-BE54-9A1E7A4F7556}") = "ProductivityTools.Learning.Google.SumOfArrayElements", "ProductivityTools.Learning.Google.SumOfArrayElements\ProductivityTools.Learning.Google.SumOfArrayElements.csproj", "{358AF8AA-2E46-451D-B615-42AF6B3FF46B}"
EndProject
Project("{9A19103F-16F7-4668-BE54-9A1E7A4F7556}") = "ProductivityTools.Learning.Google.A1.QuickFind", "ProductivityTools.Learning.Google.A1.QuickFind\ProductivityTools.Learning.Google.A1.QuickFind.csproj", "{19F6C86E-664C-4ABA-9FDE-B3F247C34A5B}"
EndProject
Project("{9A19103F-16F7-4668-BE54-9A1E7A4F7556}") = "ProductivityTools.Learning.Google.A1.Structures", "ProductivityTools.Learning.Google.A1.Structures\ProductivityTools.Learning.Google.A1.Structures.csproj", "{C44317EF-732F-4BA0-A0E8-6293ECA4E32E}"
EndProject
Project("{9A19103F-16F7-4668-BE54-9A1E7A4F7556}") = "ProductivityTools.Learning.Google.A1.Sort", "ProductivityTools.Learning.Google.A1.Sort\ProductivityTools.Learning.Google.A1.Sort.csproj", "{EC185A65-F227-4512-BFE9-45840E007942}"
EndProject
Project("{9A19103F-16F7-4668-BE54-9A1E7A4F7556}") = "ProductivityTools.Learning.Google.PriorityQuene", "ProductivityTools.Learning.Google.PriorityQuene\ProductivityTools.Learning.Google.PriorityQuene.csproj", "{2E60940F-EC19-4FA2-B501-5709166E3E10}"
EndProject
Project("{9A19103F-16F7-4668-BE54-9A1E7A4F7556}") = "ProductivityTools.Learning.Google.HS", "ProductivityTools.Learning.Google.HS\ProductivityTools.Learning.Google.HS.csproj", "{6CA29375-1835-4B94-96C8-682763E42682}"
EndProject
Project("{FAE04EC0-301F-11D3-BF4B-00C04F79EFBC}") = "ProductivityTools.Learning.Google.Ceiling", "ProductivityTools.Learning.Google.Ceiling\ProductivityTools.Learning.Google.Ceiling.csproj", "{9F7F4480-EDE8-4063-B23C-6E04733ABDC6}"
EndProject
Project("{FAE04EC0-301F-11D3-BF4B-00C04F79EFBC}") = "ProductivityTools.Learning.Google.Graph", "ProductivityTools.Learning.Google.Graph\ProductivityTools.Learning.Google.Graph.csproj", "{B8F9094A-1A63-4D74-A6DD-6C923242F373}"
EndProject
Project("{FAE04EC0-301F-11D3-BF4B-00C04F79EFBC}") = "ProductivityTools.Learning.Google.MST", "ProductivityTools.Learning.Google.MST\ProductivityTools.Learning.Google.MST.csproj", "{565F99A2-6DE8-411D-B6B3-EF4E51D389AD}"
EndProject
Project("{FAE04EC0-301F-11D3-BF4B-00C04F79EFBC}") = "ProductivityTools.Learning.Google.Taski", "ProductivityTools.Learning.Google.Taski\ProductivityTools.Learning.Google.Taski.csproj", "{D66A66A1-DB66-4BF3-A83E-9B443A682A28}"
EndProject
Global
	GlobalSection(SolutionConfigurationPlatforms) = preSolution
		Debug|Any CPU = Debug|Any CPU
		Release|Any CPU = Release|Any CPU
	EndGlobalSection
	GlobalSection(ProjectConfigurationPlatforms) = postSolution
		{358AF8AA-2E46-451D-B615-42AF6B3FF46B}.Debug|Any CPU.ActiveCfg = Debug|Any CPU
		{358AF8AA-2E46-451D-B615-42AF6B3FF46B}.Debug|Any CPU.Build.0 = Debug|Any CPU
		{358AF8AA-2E46-451D-B615-42AF6B3FF46B}.Release|Any CPU.ActiveCfg = Release|Any CPU
		{358AF8AA-2E46-451D-B615-42AF6B3FF46B}.Release|Any CPU.Build.0 = Release|Any CPU
		{19F6C86E-664C-4ABA-9FDE-B3F247C34A5B}.Debug|Any CPU.ActiveCfg = Debug|Any CPU
		{19F6C86E-664C-4ABA-9FDE-B3F247C34A5B}.Debug|Any CPU.Build.0 = Debug|Any CPU
		{19F6C86E-664C-4ABA-9FDE-B3F247C34A5B}.Release|Any CPU.ActiveCfg = Release|Any CPU
		{19F6C86E-664C-4ABA-9FDE-B3F247C34A5B}.Release|Any CPU.Build.0 = Release|Any CPU
		{C44317EF-732F-4BA0-A0E8-6293ECA4E32E}.Debug|Any CPU.ActiveCfg = Debug|Any CPU
		{C44317EF-732F-4BA0-A0E8-6293ECA4E32E}.Debug|Any CPU.Build.0 = Debug|Any CPU
		{C44317EF-732F-4BA0-A0E8-6293ECA4E32E}.Release|Any CPU.ActiveCfg = Release|Any CPU
		{C44317EF-732F-4BA0-A0E8-6293ECA4E32E}.Release|Any CPU.Build.0 = Release|Any CPU
		{EC185A65-F227-4512-BFE9-45840E007942}.Debug|Any CPU.ActiveCfg = Debug|Any CPU
		{EC185A65-F227-4512-BFE9-45840E007942}.Debug|Any CPU.Build.0 = Debug|Any CPU
		{EC185A65-F227-4512-BFE9-45840E007942}.Release|Any CPU.ActiveCfg = Release|Any CPU
		{EC185A65-F227-4512-BFE9-45840E007942}.Release|Any CPU.Build.0 = Release|Any CPU
		{2E60940F-EC19-4FA2-B501-5709166E3E10}.Debug|Any CPU.ActiveCfg = Debug|Any CPU
		{2E60940F-EC19-4FA2-B501-5709166E3E10}.Debug|Any CPU.Build.0 = Debug|Any CPU
		{2E60940F-EC19-4FA2-B501-5709166E3E10}.Release|Any CPU.ActiveCfg = Release|Any CPU
		{2E60940F-EC19-4FA2-B501-5709166E3E10}.Release|Any CPU.Build.0 = Release|Any CPU
		{6CA29375-1835-4B94-96C8-682763E42682}.Debug|Any CPU.ActiveCfg = Debug|Any CPU
		{6CA29375-1835-4B94-96C8-682763E42682}.Debug|Any CPU.Build.0 = Debug|Any CPU
		{6CA29375-1835-4B94-96C8-682763E42682}.Release|Any CPU.ActiveCfg = Release|Any CPU
		{6CA29375-1835-4B94-96C8-682763E42682}.Release|Any CPU.Build.0 = Release|Any CPU
		{9F7F4480-EDE8-4063-B23C-6E04733ABDC6}.Debug|Any CPU.ActiveCfg = Debug|Any CPU
		{9F7F4480-EDE8-4063-B23C-6E04733ABDC6}.Debug|Any CPU.Build.0 = Debug|Any CPU
		{9F7F4480-EDE8-4063-B23C-6E04733ABDC6}.Release|Any CPU.ActiveCfg = Release|Any CPU
		{9F7F4480-EDE8-4063-B23C-6E04733ABDC6}.Release|Any CPU.Build.0 = Release|Any CPU
		{B8F9094A-1A63-4D74-A6DD-6C923242F373}.Debug|Any CPU.ActiveCfg = Debug|Any CPU
		{B8F9094A-1A63-4D74-A6DD-6C923242F373}.Debug|Any CPU.Build.0 = Debug|Any CPU
		{B8F9094A-1A63-4D74-A6DD-6C923242F373}.Release|Any CPU.ActiveCfg = Release|Any CPU
		{B8F9094A-1A63-4D74-A6DD-6C923242F373}.Release|Any CPU.Build.0 = Release|Any CPU
		{565F99A2-6DE8-411D-B6B3-EF4E51D389AD}.Debug|Any CPU.ActiveCfg = Debug|Any CPU
		{565F99A2-6DE8-411D-B6B3-EF4E51D389AD}.Debug|Any CPU.Build.0 = Debug|Any CPU
		{565F99A2-6DE8-411D-B6B3-EF4E51D389AD}.Release|Any CPU.ActiveCfg = Release|Any CPU
		{565F99A2-6DE8-411D-B6B3-EF4E51D389AD}.Release|Any CPU.Build.0 = Release|Any CPU
		{D66A66A1-DB66-4BF3-A83E-9B443A682A28}.Debug|Any CPU.ActiveCfg = Debug|Any CPU
		{D66A66A1-DB66-4BF3-A83E-9B443A682A28}.Debug|Any CPU.Build.0 = Debug|Any CPU
		{D66A66A1-DB66-4BF3-A83E-9B443A682A28}.Release|Any CPU.ActiveCfg = Release|Any CPU
		{D66A66A1-DB66-4BF3-A83E-9B443A682A28}.Release|Any CPU.Build.0 = Release|Any CPU
	EndGlobalSection
	GlobalSection(SolutionProperties) = preSolution
		HideSolutionNode = FALSE
	EndGlobalSection
	GlobalSection(ExtensibilityGlobals) = postSolution
		SolutionGuid = {EF607F94-E3E6-47E5-9F67-90DF09D8AF07}
	EndGlobalSection
EndGlobal
