
Microsoft Visual Studio Solution File, Format Version 12.00
# Visual Studio Version 16
VisualStudioVersion = 16.0.30002.166
MinimumVisualStudioVersion = 10.0.40219.1
Project("{FAE04EC0-301F-11D3-BF4B-00C04F79EFBC}") = "ProductivityTools.Learning.Google.SumOfArrayElements", "ProductivityTools.Learning.Google.SumOfArrayElements\ProductivityTools.Learning.Google.SumOfArrayElements.csproj", "{358AF8AA-2E46-451D-B615-42AF6B3FF46B}"
EndProject
Global
	GlobalSection(SolutionConfigurationPlatforms) = preSolution
		Debug|Any CPU = Debug|Any CPU
		Release|Any CPU = Release|Any CPU
	EndGlobalSection
	GlobalSection(ProjectConfigurationPlatforms) = postSolution
		{358AF8AA-2E46-451D-B615-42AF6B3FF46B}.Debug|Any CPU.ActiveCfg = Debug|Any CPU
		{358AF8AA-2E46-451D-B615-42AF6B3FF46B}.Debug|Any CPU.Build.0 = Debug|Any CPU
		{358AF8AA-2E46-451D-B615-42AF6B3FF46B}.Release|Any CPU.ActiveCfg = Release|Any CPU
		{358AF8AA-2E46-451D-B615-42AF6B3FF46B}.Release|Any CPU.Build.0 = Release|Any CPU
	EndGlobalSection
	GlobalSection(SolutionProperties) = preSolution
		HideSolutionNode = FALSE
	EndGlobalSection
	GlobalSection(ExtensibilityGlobals) = postSolution
		SolutionGuid = {EF607F94-E3E6-47E5-9F67-90DF09D8AF07}
	EndGlobalSection
EndGlobal
